
Microsoft Visual Studio Solution File, Format Version 12.00
# Visual Studio Version 16
VisualStudioVersion = 16.0.28803.202
MinimumVisualStudioVersion = 10.0.40219.1
Project("{FAE04EC0-301F-11D3-BF4B-00C04F79EFBC}") = "CQRSDispatcher", "CQRSDispatcher.csproj", "{D5C1A8AB-86F0-44F3-A4C6-4B531BECB3D9}"
EndProject
Global
	GlobalSection(SolutionConfigurationPlatforms) = preSolution
		Debug|Any CPU = Debug|Any CPU
		Release|Any CPU = Release|Any CPU
	EndGlobalSection
	GlobalSection(ProjectConfigurationPlatforms) = postSolution
		{D5C1A8AB-86F0-44F3-A4C6-4B531BECB3D9}.Debug|Any CPU.ActiveCfg = Debug|Any CPU
		{D5C1A8AB-86F0-44F3-A4C6-4B531BECB3D9}.Debug|Any CPU.Build.0 = Debug|Any CPU
		{D5C1A8AB-86F0-44F3-A4C6-4B531BECB3D9}.Release|Any CPU.ActiveCfg = Release|Any CPU
		{D5C1A8AB-86F0-44F3-A4C6-4B531BECB3D9}.Release|Any CPU.Build.0 = Release|Any CPU
	EndGlobalSection
	GlobalSection(SolutionProperties) = preSolution
		HideSolutionNode = FALSE
	EndGlobalSection
	GlobalSection(ExtensibilityGlobals) = postSolution
		SolutionGuid = {70FCEC13-CA20-44EA-9248-762675FF5D96}
	EndGlobalSection
EndGlobal
